DEPENDENCIES
  mongodb-server
    git: git@github.com:mohammeduk/mongo-server-cookbook.git
    revision: 9f8b0624b541efe2fc9603b436a127ad0c9e9ac4
  node-server
    git: git@github.com:mohammeduk/node-server-cookbook.git
    revision: cccc40b91348e2bdec0c2b827e408d293e0280ab

GRAPH
  mongodb-server (0.1.0)
  node-server (0.1.0)
